
Microsoft Visual Studio Solution File, Format Version 12.00
# Visual Studio Version 17
VisualStudioVersion = 17.4.33103.184
MinimumVisualStudioVersion = 10.0.40219.1
Project("{8BC9CEB8-8B4A-11D0-8D11-00A0C91BC942}") = "MCRunner", "MCRunner\MCRunner.vcxproj", "{309054C5-A525-43C9-9E03-4C5A58161257}"
EndProject
Global
	GlobalSection(SolutionConfigurationPlatforms) = preSolution
		Debug|x64 = Debug|x64
		Debug|x86 = Debug|x86
		Release|x64 = Release|x64
		Release|x86 = Release|x86
	EndGlobalSection
	GlobalSection(ProjectConfigurationPlatforms) = postSolution
		{309054C5-A525-43C9-9E03-4C5A58161257}.Debug|x64.ActiveCfg = Debug|x64
		{309054C5-A525-43C9-9E03-4C5A58161257}.Debug|x64.Build.0 = Debug|x64
		{309054C5-A525-43C9-9E03-4C5A58161257}.Debug|x86.ActiveCfg = Debug|Win32
		{309054C5-A525-43C9-9E03-4C5A58161257}.Debug|x86.Build.0 = Debug|Win32
		{309054C5-A525-43C9-9E03-4C5A58161257}.Release|x64.ActiveCfg = Release|x64
		{309054C5-A525-43C9-9E03-4C5A58161257}.Release|x64.Build.0 = Release|x64
		{309054C5-A525-43C9-9E03-4C5A58161257}.Release|x86.ActiveCfg = Release|Win32
		{309054C5-A525-43C9-9E03-4C5A58161257}.Release|x86.Build.0 = Release|Win32
	EndGlobalSection
	GlobalSection(SolutionProperties) = preSolution
		HideSolutionNode = FALSE
	EndGlobalSection
	GlobalSection(ExtensibilityGlobals) = postSolution
		SolutionGuid = {98B018D0-4368-4A77-AF78-E65E5A91F074}
	EndGlobalSection
EndGlobal
